<?xml version="1.0"?>
<CONFIG>
  <ProjectOptions>
    <Version Value="9"/>
    <General>
      <Flags>
        <MainUnitHasUsesSectionForAllUnits Value="False"/>
        <MainUnitHasCreateFormStatements Value="False"/>
        <MainUnitHasTitleStatement Value="False"/>
      </Flags>
      <SessionStorage Value="InProjectDir"/>
      <MainUnit Value="0"/>
      <Title Value="VariousDevelopment"/>
      <UseAppBundle Value="False"/>
      <ResourceType Value="res"/>
    </General>
    <i18n>
      <EnableI18N LFM="False"/>
    </i18n>
    <VersionInfo>
      <StringTable ProductVersion=""/>
    </VersionInfo>
    <BuildModes Count="1">
      <Item1 Name="Default" Default="True"/>
    </BuildModes>
    <PublishOptions>
      <Version Value="2"/>
      <IncludeFileFilter Value="*.(pas|pp|inc|lfm|lpr|lrs|lpi|lpk|sh|xml)"/>
      <ExcludeFileFilter Value="*.(bak|ppu|o|so);*~;backup"/>
    </PublishOptions>
    <RunParams>
      <local>
        <FormatVersion Value="1"/>
        <LaunchingApplication PathPlusParams="/usr/bin/xterm -T 'Lazarus Run Output' -e $(LazarusDir)/tools/runwait.sh $(TargetCmdLine)"/>
      </local>
    </RunParams>
    <Units Count="51">
      <Unit0>
        <Filename Value="VariousDevelopment.lpr"/>
        <IsPartOfProject Value="True"/>
        <UnitName Value="VariousDevelopment"/>
      </Unit0>
      <Unit1>
        <Filename Value="../P-StreamReplacer/source/FileTemplater.pas"/>
        <IsPartOfProject Value="True"/>
        <UnitName Value="FileTemplater"/>
      </Unit1>
      <Unit2>
        <Filename Value="../P-StreamReplacer/source/StreamReplacer.pas"/>
        <IsPartOfProject Value="True"/>
        <UnitName Value="StreamReplacer"/>
      </Unit2>
      <Unit3>
        <Filename Value="../P-Strings/source/StringRoutines.pas"/>
        <IsPartOfProject Value="True"/>
        <UnitName Value="StringRoutines"/>
      </Unit3>
      <Unit4>
        <Filename Value="../P-Strings/test/source/TestStringRoutinesGetByteLength.pas"/>
        <IsPartOfProject Value="True"/>
        <UnitName Value="TestStringRoutinesGetByteLength"/>
      </Unit4>
      <Unit5>
        <Filename Value="../P-Strings/test/source/fpc.cfg"/>
        <IsPartOfProject Value="True"/>
      </Unit5>
      <Unit6>
        <Filename Value="../P-Containers/source/Int64LinkedList.pas"/>
        <IsPartOfProject Value="True"/>
        <UnitName Value="Int64LinkedList"/>
      </Unit6>
      <Unit7>
        <Filename Value="../P-Containers/source/LinkedList.pas"/>
        <IsPartOfProject Value="True"/>
        <UnitName Value="LinkedList"/>
      </Unit7>
      <Unit8>
        <Filename Value="../P-Containers/source/GenerateSortInt64LinkedListRoutine.pas"/>
        <IsPartOfProject Value="True"/>
        <UnitName Value="GenerateSortInt64LinkedListRoutine"/>
      </Unit8>
      <Unit9>
        <Filename Value="../P-SortLinkedList/source/SortLinkedListTemplate.pas"/>
        <IsPartOfProject Value="True"/>
      </Unit9>
      <Unit10>
        <Filename Value="../P-SortLinkedList/source/SortLinkedListTemplateImplementation.inc"/>
        <IsPartOfProject Value="True"/>
      </Unit10>
      <Unit11>
        <Filename Value="../P-SortLinkedList/source/SortLinkedListTemplateInterface.inc"/>
        <IsPartOfProject Value="True"/>
      </Unit11>
      <Unit12>
        <Filename Value="../P-Containers/source/Int64LinkedListCompareProcedureBody.inc"/>
        <IsPartOfProject Value="True"/>
      </Unit12>
      <Unit13>
        <Filename Value="../P-Containers/source/fpc.cfg"/>
        <IsPartOfProject Value="True"/>
      </Unit13>
      <Unit14>
        <Filename Value="../P-Containers/source/fpcIncludeStreamReplacer.cfg"/>
        <IsPartOfProject Value="True"/>
      </Unit14>
      <Unit15>
        <Filename Value="../P-Containers/test/source/Int64LinkedList/TestInt64LinkedListSorting.pas"/>
        <IsPartOfProject Value="True"/>
        <UnitName Value="TestInt64LinkedListSorting"/>
      </Unit15>
      <Unit16>
        <Filename Value="../P-Containers/test/source/Int64LinkedList/fpc.cfg"/>
        <IsPartOfProject Value="True"/>
      </Unit16>
      <Unit17>
        <Filename Value="../P-Containers/test/source/Int64LinkedList/TestInt64LinkedListPerformance.pas"/>
        <IsPartOfProject Value="True"/>
        <UnitName Value="TestInt64LinkedListPerformance"/>
      </Unit17>
      <Unit18>
        <Filename Value="../P-Containers/source/g/SortInt64LinkedListInterface.inc"/>
        <IsPartOfProject Value="True"/>
      </Unit18>
      <Unit19>
        <Filename Value="../P-Containers/source/g/SortInt64LinkedListImplementation.inc"/>
        <IsPartOfProject Value="True"/>
      </Unit19>
      <Unit20>
        <Filename Value="../P-Containers/source/LinkedListTemplateFace.inc"/>
        <IsPartOfProject Value="True"/>
      </Unit20>
      <Unit21>
        <Filename Value="../P-Containers/source/LinkedListTemplateImpl.inc"/>
        <IsPartOfProject Value="True"/>
      </Unit21>
      <Unit22>
        <Filename Value="../P-Containers/source/GenerateInt64LinkedList.pas"/>
        <IsPartOfProject Value="True"/>
        <UnitName Value="GenerateInt64LinkedList"/>
      </Unit22>
      <Unit23>
        <Filename Value="../P-Containers/source/GenerateInt64LinkedList.sh"/>
        <IsPartOfProject Value="True"/>
      </Unit23>
      <Unit24>
        <Filename Value="../P-Containers/source/g/Int64LinkedListFace.inc"/>
        <IsPartOfProject Value="True"/>
      </Unit24>
      <Unit25>
        <Filename Value="../P-Containers/source/g/Int64LinkedListImpl.inc"/>
        <IsPartOfProject Value="True"/>
      </Unit25>
      <Unit26>
        <Filename Value="../P-Containers/source/CompileGenerateInt64LinkedList.sh"/>
        <IsPartOfProject Value="True"/>
      </Unit26>
      <Unit27>
        <Filename Value="../P-StreamReplacer/source/GenerateStreamReplacerSearchResultLinkedListDelphiProject/GenerateStreamReplacerSearchResultLinkedListExecutable.dpr"/>
        <IsPartOfProject Value="True"/>
      </Unit27>
      <Unit28>
        <Filename Value="../P-StreamReplacer/source/GenerateStreamReplacerSearchResultLinkedList.pas"/>
        <IsPartOfProject Value="True"/>
        <UnitName Value="GenerateStreamReplacerSearchResultLinkedListExecutable"/>
      </Unit28>
      <Unit29>
        <Filename Value="fpcUnitPathFilesSourceFromSource.cfg"/>
        <IsPartOfProject Value="True"/>
      </Unit29>
      <Unit30>
        <Filename Value="../P-StreamReplacer/source/CompileGenerateStreamReplacerSearchResultLinkedList.sh"/>
        <IsPartOfProject Value="True"/>
      </Unit30>
      <Unit31>
        <Filename Value="../P-StreamReplacer/source/GenerateStreamReplacerSearchResultLinkedList.sh"/>
        <IsPartOfProject Value="True"/>
      </Unit31>
      <Unit32>
        <Filename Value="../P-StreamReplacer/source/SortStreamReplacerSearchResultLinkedListRoutineBody.inc"/>
        <IsPartOfProject Value="True"/>
      </Unit32>
      <Unit33>
        <Filename Value="../P-StreamReplacer/test/source/TestStreamReplacer002.pas"/>
        <IsPartOfProject Value="True"/>
        <UnitName Value="TestStreamReplacer002"/>
      </Unit33>
      <Unit34>
        <Filename Value="../P-StreamReplacer/test/source/SampleInput001.txt"/>
        <IsPartOfProject Value="True"/>
      </Unit34>
      <Unit35>
        <Filename Value="../P-StreamReplacer/test/source/fpc.cfg"/>
        <IsPartOfProject Value="True"/>
      </Unit35>
      <Unit36>
        <Filename Value="fpcUnitPathFilesFrom3LF.cfg"/>
        <IsPartOfProject Value="True"/>
      </Unit36>
      <Unit37>
        <Filename Value="../P-Files/source/FileRoutines.pas"/>
        <IsPartOfProject Value="True"/>
        <UnitName Value="FileRoutines"/>
      </Unit37>
      <Unit38>
        <Filename Value="fpcUnitPathStringsFrom3LF.cfg"/>
        <IsPartOfProject Value="True"/>
      </Unit38>
      <Unit39>
        <Filename Value="../P-StreamReplacer/test/source/CompileTestStreamReplacerSimpliest.sh"/>
        <IsPartOfProject Value="True"/>
      </Unit39>
      <Unit40>
        <Filename Value="../P-StreamReplacer/test/source/RunTestStreamReplacerSimpliest001.sh"/>
        <IsPartOfProject Value="True"/>
      </Unit40>
      <Unit41>
        <Filename Value="../P-StreamReplacer/test/CleanCompiledUnits.sh"/>
        <IsPartOfProject Value="True"/>
      </Unit41>
      <Unit42>
        <Filename Value="../P-StreamReplacer/test/source/RunTestStreamReplacerSimpliest002.sh"/>
        <IsPartOfProject Value="True"/>
      </Unit42>
      <Unit43>
        <Filename Value="../P-StreamReplacer/test/source/TestStreamReplacerSimpliest.pas"/>
        <IsPartOfProject Value="True"/>
      </Unit43>
      <Unit44>
        <Filename Value="../P-StreamReplacer/test/source/SampleInput002.txt"/>
        <IsPartOfProject Value="True"/>
      </Unit44>
      <Unit45>
        <Filename Value="../P-StreamReplacer/source/GenerateStreamReplacerSearchResultLinkedList.inc"/>
        <IsPartOfProject Value="True"/>
      </Unit45>
      <Unit46>
        <Filename Value="../P-StreamReplacer/test/source/CompileTestStreamReplacer002.sh"/>
        <IsPartOfProject Value="True"/>
        <UnitName Value="Unit1"/>
      </Unit46>
      <Unit47>
        <Filename Value="../P-StreamReplacer/test/source/RunTestStreamReplacer002.sh"/>
        <IsPartOfProject Value="True"/>
        <UnitName Value="Unit1"/>
      </Unit47>
      <Unit48>
        <Filename Value="../P-StreamReplacer/test/source/SampleInput003.txt"/>
        <IsPartOfProject Value="True"/>
        <UnitName Value="Unit1"/>
      </Unit48>
      <Unit49>
        <Filename Value="../P-Strings/test/source/TestStringRoutinesConcat.pas"/>
        <IsPartOfProject Value="True"/>
        <UnitName Value="TestStringRoutinesConcat"/>
      </Unit49>
      <Unit50>
        <Filename Value="../P-Strings/test/source/TestStringRoutinesConcatPerformance.pas"/>
        <IsPartOfProject Value="True"/>
        <UnitName Value="TestStringRoutinesConcatPerformance"/>
      </Unit50>
    </Units>
  </ProjectOptions>
  <CompilerOptions>
    <Version Value="11"/>
    <Target>
      <Filename Value="VariousDevelopment"/>
    </Target>
    <SearchPaths>
      <IncludeFiles Value="$(ProjOutDir);../P-Containers/source/g;../P-StreamReplacer/source"/>
      <OtherUnitFiles Value="../P-StreamReplacer/source;../P-Strings/source;../P-Strings/test/source;../P-Containers/source;../P-Containers/test/source/Int64LinkedList;../P-StreamReplacer/test/source;../P-Files/source"/>
      <UnitOutputDirectory Value="lib/$(TargetCPU)-$(TargetOS)"/>
    </SearchPaths>
    <Other>
      <CompilerMessages>
        <MsgFileName Value=""/>
      </CompilerMessages>
      <CompilerPath Value="$(CompPath)"/>
    </Other>
  </CompilerOptions>
  <Debugging>
    <Exceptions Count="3">
      <Item1>
        <Name Value="EAbort"/>
      </Item1>
      <Item2>
        <Name Value="ECodetoolError"/>
      </Item2>
      <Item3>
        <Name Value="EFOpenError"/>
      </Item3>
    </Exceptions>
  </Debugging>
</CONFIG>
